
Microsoft Visual Studio Solution File, Format Version 12.00
Project("{FAE04EC0-301F-11D3-BF4B-00C04F79EFBC}") = "Markdig.Avalonia", "Markdig.Avalonia\Markdig.Avalonia\Markdig.Avalonia.csproj", "{BA1C2A8F-1164-454C-AE6A-6786B0629298}"
EndProject
Project("{FAE04EC0-301F-11D3-BF4B-00C04F79EFBC}") = "Common.Avalonia", "Common\Common.Avalonia\Common.Avalonia.csproj", "{A73DE33D-D9CD-45CD-9210-9099498CC8DC}"
EndProject
Project("{2150E333-8FDC-42A3-9474-1A3956D46DE8}") = "SubModules", "SubModules", "{190256B9-1BAA-41C3-A0CD-8C0DF3F8B030}"
EndProject
Project("{FAE04EC0-301F-11D3-BF4B-00C04F79EFBC}") = "Common.Lib", "Common\src\Common.Lib\Common.Lib.csproj", "{1691C260-282B-4E43-A035-6F736BCD7508}"
EndProject
Project("{FAE04EC0-301F-11D3-BF4B-00C04F79EFBC}") = "Common.Mvvm", "Common\src\Common.Mvvm\Common.Mvvm.csproj", "{A1CFD706-1CE7-4591-AC9D-419A1C83B47F}"
EndProject
Project("{FAE04EC0-301F-11D3-BF4B-00C04F79EFBC}") = "Common.FreeSql", "Common\src\Common.FreeSql\Common.FreeSql.csproj", "{B7958572-8B68-41D0-AC86-823AF58D3072}"
EndProject
Project("{FAE04EC0-301F-11D3-BF4B-00C04F79EFBC}") = "Common.Redis", "Common\src\Common.Redis\Common.Redis.csproj", "{5C3156E9-6378-42D5-B07F-003F73A00467}"
EndProject
Project("{2150E333-8FDC-42A3-9474-1A3956D46DE8}") = "Libs", "Libs", "{E5791A7D-0463-49EF-9827-1158AACC1529}"
EndProject
Project("{2150E333-8FDC-42A3-9474-1A3956D46DE8}") = "Modules", "Modules", "{B7F4509C-109C-4B10-8953-FE9F8DEF0AF5}"
EndProject
Project("{FAE04EC0-301F-11D3-BF4B-00C04F79EFBC}") = "Blog.Lib", "Blog.Lib\Blog.Lib.csproj", "{74EA9E3D-20A8-4A03-8529-D81F8E536DC2}"
EndProject
Project("{FAE04EC0-301F-11D3-BF4B-00C04F79EFBC}") = "AvaloniaBlog.Lib", "AvaloniaBlog.Lib\AvaloniaBlog.Lib.csproj", "{4E26EC40-3834-4760-8661-4DBEE2D05DC2}"
EndProject
Project("{FAE04EC0-301F-11D3-BF4B-00C04F79EFBC}") = "Blog.DbModule", "Blog.DbModule\Blog.DbModule.csproj", "{2CB69876-3C6B-414D-87F6-A8D17EDF4185}"
EndProject
Project("{2150E333-8FDC-42A3-9474-1A3956D46DE8}") = "Projects", "Projects", "{684A0420-CD5E-4BA2-9557-AC014D0AD54A}"
EndProject
Project("{FAE04EC0-301F-11D3-BF4B-00C04F79EFBC}") = "BlogView", "BlogView\BlogView.csproj", "{34EFCD08-A7ED-4AA1-BC65-C9BEF1FABDCD}"
EndProject
Project("{FAE04EC0-301F-11D3-BF4B-00C04F79EFBC}") = "BlogView.Desktop.Db", "BlogView.Desktop.Db\BlogView.Desktop.Db.csproj", "{B9C71140-3C86-4142-A574-CB7084FB2BF9}"
EndProject
Project("{FAE04EC0-301F-11D3-BF4B-00C04F79EFBC}") = "Blog.WebApi", "Blog.WebApi\Blog.WebApi.csproj", "{A1523E66-A822-48BF-9001-B4B051D17F36}"
EndProject
Project("{FAE04EC0-301F-11D3-BF4B-00C04F79EFBC}") = "BlogBackManager", "BlogBackManager\BlogBackManager.csproj", "{68AFA8DA-A40B-4626-9F62-A2568295567E}"
EndProject
Project("{FAE04EC0-301F-11D3-BF4B-00C04F79EFBC}") = "BlogBackManager.Desktop.Db", "BlogBackManager.Desktop.Db\BlogBackManager.Desktop.Db.csproj", "{0BBDADA8-38DB-4626-8961-3A35946DB101}"
EndProject
Global
	GlobalSection(SolutionConfigurationPlatforms) = preSolution
		Debug|Any CPU = Debug|Any CPU
		Release|Any CPU = Release|Any CPU
	EndGlobalSection
	GlobalSection(ProjectConfigurationPlatforms) = postSolution
		{BA1C2A8F-1164-454C-AE6A-6786B0629298}.Debug|Any CPU.ActiveCfg = Debug|Any CPU
		{BA1C2A8F-1164-454C-AE6A-6786B0629298}.Debug|Any CPU.Build.0 = Debug|Any CPU
		{BA1C2A8F-1164-454C-AE6A-6786B0629298}.Release|Any CPU.ActiveCfg = Release|Any CPU
		{BA1C2A8F-1164-454C-AE6A-6786B0629298}.Release|Any CPU.Build.0 = Release|Any CPU
		{A73DE33D-D9CD-45CD-9210-9099498CC8DC}.Debug|Any CPU.ActiveCfg = Debug|Any CPU
		{A73DE33D-D9CD-45CD-9210-9099498CC8DC}.Debug|Any CPU.Build.0 = Debug|Any CPU
		{A73DE33D-D9CD-45CD-9210-9099498CC8DC}.Release|Any CPU.ActiveCfg = Release|Any CPU
		{A73DE33D-D9CD-45CD-9210-9099498CC8DC}.Release|Any CPU.Build.0 = Release|Any CPU
		{1691C260-282B-4E43-A035-6F736BCD7508}.Debug|Any CPU.ActiveCfg = Debug|Any CPU
		{1691C260-282B-4E43-A035-6F736BCD7508}.Debug|Any CPU.Build.0 = Debug|Any CPU
		{1691C260-282B-4E43-A035-6F736BCD7508}.Release|Any CPU.ActiveCfg = Release|Any CPU
		{1691C260-282B-4E43-A035-6F736BCD7508}.Release|Any CPU.Build.0 = Release|Any CPU
		{A1CFD706-1CE7-4591-AC9D-419A1C83B47F}.Debug|Any CPU.ActiveCfg = Debug|Any CPU
		{A1CFD706-1CE7-4591-AC9D-419A1C83B47F}.Debug|Any CPU.Build.0 = Debug|Any CPU
		{A1CFD706-1CE7-4591-AC9D-419A1C83B47F}.Release|Any CPU.ActiveCfg = Release|Any CPU
		{A1CFD706-1CE7-4591-AC9D-419A1C83B47F}.Release|Any CPU.Build.0 = Release|Any CPU
		{B7958572-8B68-41D0-AC86-823AF58D3072}.Debug|Any CPU.ActiveCfg = Debug|Any CPU
		{B7958572-8B68-41D0-AC86-823AF58D3072}.Debug|Any CPU.Build.0 = Debug|Any CPU
		{B7958572-8B68-41D0-AC86-823AF58D3072}.Release|Any CPU.ActiveCfg = Release|Any CPU
		{B7958572-8B68-41D0-AC86-823AF58D3072}.Release|Any CPU.Build.0 = Release|Any CPU
		{5C3156E9-6378-42D5-B07F-003F73A00467}.Debug|Any CPU.ActiveCfg = Debug|Any CPU
		{5C3156E9-6378-42D5-B07F-003F73A00467}.Debug|Any CPU.Build.0 = Debug|Any CPU
		{5C3156E9-6378-42D5-B07F-003F73A00467}.Release|Any CPU.ActiveCfg = Release|Any CPU
		{5C3156E9-6378-42D5-B07F-003F73A00467}.Release|Any CPU.Build.0 = Release|Any CPU
		{74EA9E3D-20A8-4A03-8529-D81F8E536DC2}.Debug|Any CPU.ActiveCfg = Debug|Any CPU
		{74EA9E3D-20A8-4A03-8529-D81F8E536DC2}.Debug|Any CPU.Build.0 = Debug|Any CPU
		{74EA9E3D-20A8-4A03-8529-D81F8E536DC2}.Release|Any CPU.ActiveCfg = Release|Any CPU
		{74EA9E3D-20A8-4A03-8529-D81F8E536DC2}.Release|Any CPU.Build.0 = Release|Any CPU
		{4E26EC40-3834-4760-8661-4DBEE2D05DC2}.Debug|Any CPU.ActiveCfg = Debug|Any CPU
		{4E26EC40-3834-4760-8661-4DBEE2D05DC2}.Debug|Any CPU.Build.0 = Debug|Any CPU
		{4E26EC40-3834-4760-8661-4DBEE2D05DC2}.Release|Any CPU.ActiveCfg = Release|Any CPU
		{4E26EC40-3834-4760-8661-4DBEE2D05DC2}.Release|Any CPU.Build.0 = Release|Any CPU
		{2CB69876-3C6B-414D-87F6-A8D17EDF4185}.Debug|Any CPU.ActiveCfg = Debug|Any CPU
		{2CB69876-3C6B-414D-87F6-A8D17EDF4185}.Debug|Any CPU.Build.0 = Debug|Any CPU
		{2CB69876-3C6B-414D-87F6-A8D17EDF4185}.Release|Any CPU.ActiveCfg = Release|Any CPU
		{2CB69876-3C6B-414D-87F6-A8D17EDF4185}.Release|Any CPU.Build.0 = Release|Any CPU
		{34EFCD08-A7ED-4AA1-BC65-C9BEF1FABDCD}.Debug|Any CPU.ActiveCfg = Debug|Any CPU
		{34EFCD08-A7ED-4AA1-BC65-C9BEF1FABDCD}.Debug|Any CPU.Build.0 = Debug|Any CPU
		{34EFCD08-A7ED-4AA1-BC65-C9BEF1FABDCD}.Release|Any CPU.ActiveCfg = Release|Any CPU
		{34EFCD08-A7ED-4AA1-BC65-C9BEF1FABDCD}.Release|Any CPU.Build.0 = Release|Any CPU
		{B9C71140-3C86-4142-A574-CB7084FB2BF9}.Debug|Any CPU.ActiveCfg = Debug|Any CPU
		{B9C71140-3C86-4142-A574-CB7084FB2BF9}.Debug|Any CPU.Build.0 = Debug|Any CPU
		{B9C71140-3C86-4142-A574-CB7084FB2BF9}.Release|Any CPU.ActiveCfg = Release|Any CPU
		{B9C71140-3C86-4142-A574-CB7084FB2BF9}.Release|Any CPU.Build.0 = Release|Any CPU
		{A1523E66-A822-48BF-9001-B4B051D17F36}.Debug|Any CPU.ActiveCfg = Debug|Any CPU
		{A1523E66-A822-48BF-9001-B4B051D17F36}.Debug|Any CPU.Build.0 = Debug|Any CPU
		{A1523E66-A822-48BF-9001-B4B051D17F36}.Release|Any CPU.ActiveCfg = Release|Any CPU
		{A1523E66-A822-48BF-9001-B4B051D17F36}.Release|Any CPU.Build.0 = Release|Any CPU
		{68AFA8DA-A40B-4626-9F62-A2568295567E}.Debug|Any CPU.ActiveCfg = Debug|Any CPU
		{68AFA8DA-A40B-4626-9F62-A2568295567E}.Debug|Any CPU.Build.0 = Debug|Any CPU
		{68AFA8DA-A40B-4626-9F62-A2568295567E}.Release|Any CPU.ActiveCfg = Release|Any CPU
		{68AFA8DA-A40B-4626-9F62-A2568295567E}.Release|Any CPU.Build.0 = Release|Any CPU
		{0BBDADA8-38DB-4626-8961-3A35946DB101}.Debug|Any CPU.ActiveCfg = Debug|Any CPU
		{0BBDADA8-38DB-4626-8961-3A35946DB101}.Debug|Any CPU.Build.0 = Debug|Any CPU
		{0BBDADA8-38DB-4626-8961-3A35946DB101}.Release|Any CPU.ActiveCfg = Release|Any CPU
		{0BBDADA8-38DB-4626-8961-3A35946DB101}.Release|Any CPU.Build.0 = Release|Any CPU
	EndGlobalSection
	GlobalSection(NestedProjects) = preSolution
		{A73DE33D-D9CD-45CD-9210-9099498CC8DC} = {190256B9-1BAA-41C3-A0CD-8C0DF3F8B030}
		{BA1C2A8F-1164-454C-AE6A-6786B0629298} = {190256B9-1BAA-41C3-A0CD-8C0DF3F8B030}
		{1691C260-282B-4E43-A035-6F736BCD7508} = {190256B9-1BAA-41C3-A0CD-8C0DF3F8B030}
		{A1CFD706-1CE7-4591-AC9D-419A1C83B47F} = {190256B9-1BAA-41C3-A0CD-8C0DF3F8B030}
		{B7958572-8B68-41D0-AC86-823AF58D3072} = {190256B9-1BAA-41C3-A0CD-8C0DF3F8B030}
		{5C3156E9-6378-42D5-B07F-003F73A00467} = {190256B9-1BAA-41C3-A0CD-8C0DF3F8B030}
		{74EA9E3D-20A8-4A03-8529-D81F8E536DC2} = {E5791A7D-0463-49EF-9827-1158AACC1529}
		{4E26EC40-3834-4760-8661-4DBEE2D05DC2} = {E5791A7D-0463-49EF-9827-1158AACC1529}
		{2CB69876-3C6B-414D-87F6-A8D17EDF4185} = {B7F4509C-109C-4B10-8953-FE9F8DEF0AF5}
		{34EFCD08-A7ED-4AA1-BC65-C9BEF1FABDCD} = {E5791A7D-0463-49EF-9827-1158AACC1529}
		{B9C71140-3C86-4142-A574-CB7084FB2BF9} = {684A0420-CD5E-4BA2-9557-AC014D0AD54A}
		{A1523E66-A822-48BF-9001-B4B051D17F36} = {684A0420-CD5E-4BA2-9557-AC014D0AD54A}
		{68AFA8DA-A40B-4626-9F62-A2568295567E} = {E5791A7D-0463-49EF-9827-1158AACC1529}
		{0BBDADA8-38DB-4626-8961-3A35946DB101} = {684A0420-CD5E-4BA2-9557-AC014D0AD54A}
	EndGlobalSection
EndGlobal
